
Microsoft Visual Studio Solution File, Format Version 12.00
# Visual Studio Version 17
VisualStudioVersion = 17.6.33723.286
MinimumVisualStudioVersion = 10.0.40219.1
Project("{FAE04EC0-301F-11D3-BF4B-00C04F79EFBC}") = "MyRestaurantApi", "MyRestaurantApi\MyRestaurantApi.csproj", "{4782D22F-F301-4816-9567-0021EA08254E}"
EndProject
Global
	GlobalSection(SolutionConfigurationPlatforms) = preSolution
		Debug|Any CPU = Debug|Any CPU
		Release|Any CPU = Release|Any CPU
	EndGlobalSection
	GlobalSection(ProjectConfigurationPlatforms) = postSolution
		{4782D22F-F301-4816-9567-0021EA08254E}.Debug|Any CPU.ActiveCfg = Debug|Any CPU
		{4782D22F-F301-4816-9567-0021EA08254E}.Debug|Any CPU.Build.0 = Debug|Any CPU
		{4782D22F-F301-4816-9567-0021EA08254E}.Release|Any CPU.ActiveCfg = Release|Any CPU
		{4782D22F-F301-4816-9567-0021EA08254E}.Release|Any CPU.Build.0 = Release|Any CPU
	EndGlobalSection
	GlobalSection(SolutionProperties) = preSolution
		HideSolutionNode = FALSE
	EndGlobalSection
	GlobalSection(ExtensibilityGlobals) = postSolution
		SolutionGuid = {228C4A34-5EBC-4F0C-B6A9-BF076AF81EBF}
	EndGlobalSection
EndGlobal
